
Microsoft Visual Studio Solution File, Format Version 12.00
# Visual Studio Version 17
VisualStudioVersion = 17.11.35327.3
MinimumVisualStudioVersion = 10.0.40219.1
Project("{9A19103F-16F7-4668-BE54-9A1E7A4F7556}") = "Elifir", "Elifir\Elifir.csproj", "{E7363E11-2DB2-4449-97BC-7C880829E083}"
EndProject
Project("{FAE04EC0-301F-11D3-BF4B-00C04F79EFBC}") = "Elifir.Test", "Elifir.Test\Elifir.Test.csproj", "{FEF6B3CD-B793-4607-A834-B5651F8214B0}"
EndProject
Project("{FAE04EC0-301F-11D3-BF4B-00C04F79EFBC}") = "Elifir.Gen", "Elifir.Gen\Elifir.Gen.csproj", "{9F029227-8311-0F0D-663C-5E008D49352E}"
EndProject
Project("{2150E333-8FDC-42A3-9474-1A3956D46DE8}") = "Solution Items", "Solution Items", "{8EC462FD-D22E-90A8-E5CE-7E832BA40C5D}"
	ProjectSection(SolutionItems) = preProject
		.editorconfig = .editorconfig
		.github\workflows\dotnet.yml = .github\workflows\dotnet.yml
	EndProjectSection
EndProject
Global
	GlobalSection(SolutionConfigurationPlatforms) = preSolution
		Debug|Any CPU = Debug|Any CPU
		Release|Any CPU = Release|Any CPU
	EndGlobalSection
	GlobalSection(ProjectConfigurationPlatforms) = postSolution
		{E7363E11-2DB2-4449-97BC-7C880829E083}.Debug|Any CPU.ActiveCfg = Debug|Any CPU
		{E7363E11-2DB2-4449-97BC-7C880829E083}.Debug|Any CPU.Build.0 = Debug|Any CPU
		{E7363E11-2DB2-4449-97BC-7C880829E083}.Release|Any CPU.ActiveCfg = Release|Any CPU
		{E7363E11-2DB2-4449-97BC-7C880829E083}.Release|Any CPU.Build.0 = Release|Any CPU
		{FEF6B3CD-B793-4607-A834-B5651F8214B0}.Debug|Any CPU.ActiveCfg = Debug|Any CPU
		{FEF6B3CD-B793-4607-A834-B5651F8214B0}.Debug|Any CPU.Build.0 = Debug|Any CPU
		{FEF6B3CD-B793-4607-A834-B5651F8214B0}.Release|Any CPU.ActiveCfg = Release|Any CPU
		{FEF6B3CD-B793-4607-A834-B5651F8214B0}.Release|Any CPU.Build.0 = Release|Any CPU
		{9F029227-8311-0F0D-663C-5E008D49352E}.Debug|Any CPU.ActiveCfg = Debug|Any CPU
		{9F029227-8311-0F0D-663C-5E008D49352E}.Debug|Any CPU.Build.0 = Debug|Any CPU
		{9F029227-8311-0F0D-663C-5E008D49352E}.Release|Any CPU.ActiveCfg = Release|Any CPU
		{9F029227-8311-0F0D-663C-5E008D49352E}.Release|Any CPU.Build.0 = Release|Any CPU
	EndGlobalSection
	GlobalSection(SolutionProperties) = preSolution
		HideSolutionNode = FALSE
	EndGlobalSection
	GlobalSection(ExtensibilityGlobals) = postSolution
		SolutionGuid = {CDEBD8B8-CD6D-4FD0-A80D-753052DD7C6C}
	EndGlobalSection
EndGlobal
